{
  "name": "digital-paper-edit",
  "version": "1.0.0",
  "lockfileVersion": 1,
  "requires": true,
  "dependencies": {
    "regenerator-runtime": {
      "version": "0.11.1",
      "resolved": "https://registry.npmjs.org/regenerator-runtime/-/regenerator-runtime-0.11.1.tgz",
      "integrity": "sha512-MguG95oij0fC3QV3URf4V2SDYGJhJnJGqvIIgdECeODCT98wSWDAJ94SSuVpYQUoTcGUIL6L4yNB7j1DFFHSBg=="
    },
    "videocontext": {
      "version": "0.53.0",
      "resolved": "https://registry.npmjs.org/videocontext/-/videocontext-0.53.0.tgz",
      "integrity": "sha512-N6BBRdJ5wq7Xqq/xWkWLNEk8PEmJXbyeaahz9Apy3970y9uBoaLeEvpi4RGUCGxHHt9IEHAnGvli4bT9LLGlHw==",
      "requires": {
        "regenerator-runtime": "^0.11.1"
      }
    }
  }
}
